// !$*UTF8*$!
{
	archiveVersion = 1;
	classes = {
	};
	objectVersion = 56;
	objects = {

/* Begin PBXBuildFile section */
		AC23CA4D2C43944900A64862 /* HourlyWeatherModel.swift in Sources */ = {isa = PBXBuildFile; fileRef = AC23CA4C2C43944900A64862 /* HourlyWeatherModel.swift */; };
		AC23CA512C4395D000A64862 /* CurrentWeatherDelegate.swift in Sources */ = {isa = PBXBuildFile; fileRef = AC23CA502C4395D000A64862 /* CurrentWeatherDelegate.swift */; };
		AC23CA532C43963300A64862 /* DailyWeatherDelegate.swift in Sources */ = {isa = PBXBuildFile; fileRef = AC23CA522C43963300A64862 /* DailyWeatherDelegate.swift */; };
		AC23CA572C43B50B00A64862 /* DayIconView.swift in Sources */ = {isa = PBXBuildFile; fileRef = AC23CA562C43B50B00A64862 /* DayIconView.swift */; };
		AC360FC02C463933002614D9 /* WidgetKit.framework in Frameworks */ = {isa = PBXBuildFile; fileRef = AC360FBF2C463933002614D9 /* WidgetKit.framework */; };
		AC360FC22C463933002614D9 /* SwiftUI.framework in Frameworks */ = {isa = PBXBuildFile; fileRef = AC360FC12C463933002614D9 /* SwiftUI.framework */; };
		AC360FC52C463933002614D9 /* Nano3WidgetExtensionBundle.swift in Sources */ = {isa = PBXBuildFile; fileRef = AC360FC42C463933002614D9 /* Nano3WidgetExtensionBundle.swift */; };
		AC360FC72C463933002614D9 /* Nano3WidgetExtension.swift in Sources */ = {isa = PBXBuildFile; fileRef = AC360FC62C463933002614D9 /* Nano3WidgetExtension.swift */; };
		AC360FC92C463936002614D9 /* Assets.xcassets in Resources */ = {isa = PBXBuildFile; fileRef = AC360FC82C463936002614D9 /* Assets.xcassets */; };
		AC360FCD2C463936002614D9 /* Nano3WidgetExtensionExtension.appex in Embed Foundation Extensions */ = {isa = PBXBuildFile; fileRef = AC360FBD2C463933002614D9 /* Nano3WidgetExtensionExtension.appex */; settings = {ATTRIBUTES = (RemoveHeadersOnCopy, ); }; };
		AC3A8BE52C423A7500F50D03 /* WeatherServiceManager.swift in Sources */ = {isa = PBXBuildFile; fileRef = AC3A8BE42C423A7500F50D03 /* WeatherServiceManager.swift */; };
		AC3A8BE72C423A8000F50D03 /* LocationServiceManager.swift in Sources */ = {isa = PBXBuildFile; fileRef = AC3A8BE62C423A8000F50D03 /* LocationServiceManager.swift */; };
		AC3A8BEA2C423F4900F50D03 /* LocationViewModel.swift in Sources */ = {isa = PBXBuildFile; fileRef = AC3A8BE92C423F4800F50D03 /* LocationViewModel.swift */; };
		AC3A8BED2C423FAF00F50D03 /* LocationManagerDelegate.swift in Sources */ = {isa = PBXBuildFile; fileRef = AC3A8BEC2C423FAF00F50D03 /* LocationManagerDelegate.swift */; };
		AC3A8C142C425C8200F50D03 /* DailyWeatherViewModel.swift in Sources */ = {isa = PBXBuildFile; fileRef = AC3A8C132C425C8200F50D03 /* DailyWeatherViewModel.swift */; };
		AC3A8C182C4278F200F50D03 /* DateExtension.swift in Sources */ = {isa = PBXBuildFile; fileRef = AC3A8C172C4278F200F50D03 /* DateExtension.swift */; };
		AC9208882C449EA10049B90A /* HourlyWeatherRowView.swift in Sources */ = {isa = PBXBuildFile; fileRef = AC9208872C449EA10049B90A /* HourlyWeatherRowView.swift */; };
		ACB85C302C44143C00BBD445 /* HourlyWeatherDelegate.swift in Sources */ = {isa = PBXBuildFile; fileRef = ACB85C2F2C44143C00BBD445 /* HourlyWeatherDelegate.swift */; };
		ACB85C322C44651D00BBD445 /* HourlyWeatherViewModel.swift in Sources */ = {isa = PBXBuildFile; fileRef = ACB85C312C44651D00BBD445 /* HourlyWeatherViewModel.swift */; };
		ACBBEACA2C40F23200761678 /* DailyWeatherView.swift in Sources */ = {isa = PBXBuildFile; fileRef = ACBBEAC92C40F23200761678 /* DailyWeatherView.swift */; };
		ACBBEAD32C40FD9300761678 /* CurrentWeatherView.swift in Sources */ = {isa = PBXBuildFile; fileRef = ACBBEAD22C40FD9300761678 /* CurrentWeatherView.swift */; };
		ACBBEAD62C41064500761678 /* HourlyWeatherView.swift in Sources */ = {isa = PBXBuildFile; fileRef = ACBBEAD52C41064500761678 /* HourlyWeatherView.swift */; };
		ACD18B402C3BE162007AF0C8 /* Nano3App.swift in Sources */ = {isa = PBXBuildFile; fileRef = ACD18B3F2C3BE162007AF0C8 /* Nano3App.swift */; };
		ACD18B422C3BE162007AF0C8 /* ContentView.swift in Sources */ = {isa = PBXBuildFile; fileRef = ACD18B412C3BE162007AF0C8 /* ContentView.swift */; };
		ACD18B442C3BE164007AF0C8 /* Assets.xcassets in Resources */ = {isa = PBXBuildFile; fileRef = ACD18B432C3BE164007AF0C8 /* Assets.xcassets */; };
		ACD18B472C3BE164007AF0C8 /* Preview Assets.xcassets in Resources */ = {isa = PBXBuildFile; fileRef = ACD18B462C3BE164007AF0C8 /* Preview Assets.xcassets */; };
		ACF7CF7E2C4629E2008B1030 /* AnimationProperties.swift in Sources */ = {isa = PBXBuildFile; fileRef = ACF7CF792C4629E2008B1030 /* AnimationProperties.swift */; };
		ACF7CF7F2C4629E2008B1030 /* CircleAnimator.swift in Sources */ = {isa = PBXBuildFile; fileRef = ACF7CF7A2C4629E2008B1030 /* CircleAnimator.swift */; };
		ACF7CF802C4629E2008B1030 /* GradientColors.swift in Sources */ = {isa = PBXBuildFile; fileRef = ACF7CF7B2C4629E2008B1030 /* GradientColors.swift */; };
		ACF7CF812C4629E2008B1030 /* MovingCircle.swift in Sources */ = {isa = PBXBuildFile; fileRef = ACF7CF7C2C4629E2008B1030 /* MovingCircle.swift */; };
		ACF7CF832C462B6A008B1030 /* AmbianceBackgroundView.swift in Sources */ = {isa = PBXBuildFile; fileRef = ACF7CF822C462B69008B1030 /* AmbianceBackgroundView.swift */; };
		B04C95B52C462A5E00A32F30 /* NotificationManager.swift in Sources */ = {isa = PBXBuildFile; fileRef = B04C95B42C462A5E00A32F30 /* NotificationManager.swift */; };
		B0D38E582C450B81005E5B2B /* CurrentWeatherViewModel.swift in Sources */ = {isa = PBXBuildFile; fileRef = B0D38E572C450B81005E5B2B /* CurrentWeatherViewModel.swift */; };
/* End PBXBuildFile section */

/* Begin PBXContainerItemProxy section */
		AC360FCB2C463936002614D9 /* PBXContainerItemProxy */ = {
			isa = PBXContainerItemProxy;
			containerPortal = ACD18B342C3BE162007AF0C8 /* Project object */;
			proxyType = 1;
			remoteGlobalIDString = AC360FBC2C463933002614D9;
			remoteInfo = Nano3WidgetExtensionExtension;
		};
/* End PBXContainerItemProxy section */

/* Begin PBXCopyFilesBuildPhase section */
		AC360FCE2C463936002614D9 /* Embed Foundation Extensions */ = {
			isa = PBXCopyFilesBuildPhase;
			buildActionMask = 2147483647;
			dstPath = "";
			dstSubfolderSpec = 13;
			files = (
				AC360FCD2C463936002614D9 /* Nano3WidgetExtensionExtension.appex in Embed Foundation Extensions */,
			);
			name = "Embed Foundation Extensions";
			runOnlyForDeploymentPostprocessing = 0;
		};
/* End PBXCopyFilesBuildPhase section */

/* Begin PBXFileReference section */
		AC23CA4C2C43944900A64862 /* HourlyWeatherModel.swift */ = {isa = PBXFileReference; lastKnownFileType = sourcecode.swift; path = HourlyWeatherModel.swift; sourceTree = "<group>"; };
		AC23CA502C4395D000A64862 /* CurrentWeatherDelegate.swift */ = {isa = PBXFileReference; lastKnownFileType = sourcecode.swift; path = CurrentWeatherDelegate.swift; sourceTree = "<group>"; };
		AC23CA522C43963300A64862 /* DailyWeatherDelegate.swift */ = {isa = PBXFileReference; lastKnownFileType = sourcecode.swift; path = DailyWeatherDelegate.swift; sourceTree = "<group>"; };
		AC23CA562C43B50B00A64862 /* DayIconView.swift */ = {isa = PBXFileReference; lastKnownFileType = sourcecode.swift; path = DayIconView.swift; sourceTree = "<group>"; };
		AC360FBD2C463933002614D9 /* Nano3WidgetExtensionExtension.appex */ = {isa = PBXFileReference; explicitFileType = "wrapper.app-extension"; includeInIndex = 0; path = Nano3WidgetExtensionExtension.appex; sourceTree = BUILT_PRODUCTS_DIR; };
		AC360FBF2C463933002614D9 /* WidgetKit.framework */ = {isa = PBXFileReference; lastKnownFileType = wrapper.framework; name = WidgetKit.framework; path = System/Library/Frameworks/WidgetKit.framework; sourceTree = SDKROOT; };
		AC360FC12C463933002614D9 /* SwiftUI.framework */ = {isa = PBXFileReference; lastKnownFileType = wrapper.framework; name = SwiftUI.framework; path = System/Library/Frameworks/SwiftUI.framework; sourceTree = SDKROOT; };
		AC360FC42C463933002614D9 /* Nano3WidgetExtensionBundle.swift */ = {isa = PBXFileReference; lastKnownFileType = sourcecode.swift; path = Nano3WidgetExtensionBundle.swift; sourceTree = "<group>"; };
		AC360FC62C463933002614D9 /* Nano3WidgetExtension.swift */ = {isa = PBXFileReference; lastKnownFileType = sourcecode.swift; path = Nano3WidgetExtension.swift; sourceTree = "<group>"; };
		AC360FC82C463936002614D9 /* Assets.xcassets */ = {isa = PBXFileReference; lastKnownFileType = folder.assetcatalog; path = Assets.xcassets; sourceTree = "<group>"; };
		AC360FCA2C463936002614D9 /* Info.plist */ = {isa = PBXFileReference; lastKnownFileType = text.plist.xml; path = Info.plist; sourceTree = "<group>"; };
		AC3A8BE12C42366000F50D03 /* Nano3.entitlements */ = {isa = PBXFileReference; lastKnownFileType = text.plist.entitlements; path = Nano3.entitlements; sourceTree = "<group>"; };
		AC3A8BE42C423A7500F50D03 /* WeatherServiceManager.swift */ = {isa = PBXFileReference; lastKnownFileType = sourcecode.swift; path = WeatherServiceManager.swift; sourceTree = "<group>"; };
		AC3A8BE62C423A8000F50D03 /* LocationServiceManager.swift */ = {isa = PBXFileReference; lastKnownFileType = sourcecode.swift; path = LocationServiceManager.swift; sourceTree = "<group>"; };
		AC3A8BE92C423F4800F50D03 /* LocationViewModel.swift */ = {isa = PBXFileReference; lastKnownFileType = sourcecode.swift; path = LocationViewModel.swift; sourceTree = "<group>"; };
		AC3A8BEC2C423FAF00F50D03 /* LocationManagerDelegate.swift */ = {isa = PBXFileReference; lastKnownFileType = sourcecode.swift; path = LocationManagerDelegate.swift; sourceTree = "<group>"; };
		AC3A8C132C425C8200F50D03 /* DailyWeatherViewModel.swift */ = {isa = PBXFileReference; lastKnownFileType = sourcecode.swift; path = DailyWeatherViewModel.swift; sourceTree = "<group>"; };
		AC3A8C172C4278F200F50D03 /* DateExtension.swift */ = {isa = PBXFileReference; lastKnownFileType = sourcecode.swift; path = DateExtension.swift; sourceTree = "<group>"; };
		AC9208872C449EA10049B90A /* HourlyWeatherRowView.swift */ = {isa = PBXFileReference; lastKnownFileType = sourcecode.swift; path = HourlyWeatherRowView.swift; sourceTree = "<group>"; };
		ACB85C2F2C44143C00BBD445 /* HourlyWeatherDelegate.swift */ = {isa = PBXFileReference; lastKnownFileType = sourcecode.swift; path = HourlyWeatherDelegate.swift; sourceTree = "<group>"; };
		ACB85C312C44651D00BBD445 /* HourlyWeatherViewModel.swift */ = {isa = PBXFileReference; lastKnownFileType = sourcecode.swift; path = HourlyWeatherViewModel.swift; sourceTree = "<group>"; };
		ACBBEAC92C40F23200761678 /* DailyWeatherView.swift */ = {isa = PBXFileReference; lastKnownFileType = sourcecode.swift; path = DailyWeatherView.swift; sourceTree = "<group>"; };
		ACBBEAD22C40FD9300761678 /* CurrentWeatherView.swift */ = {isa = PBXFileReference; lastKnownFileType = sourcecode.swift; path = CurrentWeatherView.swift; sourceTree = "<group>"; };
		ACBBEAD52C41064500761678 /* HourlyWeatherView.swift */ = {isa = PBXFileReference; lastKnownFileType = sourcecode.swift; path = HourlyWeatherView.swift; sourceTree = "<group>"; };
		ACD18B3C2C3BE162007AF0C8 /* Nano3.app */ = {isa = PBXFileReference; explicitFileType = wrapper.application; includeInIndex = 0; path = Nano3.app; sourceTree = BUILT_PRODUCTS_DIR; };
		ACD18B3F2C3BE162007AF0C8 /* Nano3App.swift */ = {isa = PBXFileReference; lastKnownFileType = sourcecode.swift; path = Nano3App.swift; sourceTree = "<group>"; };
		ACD18B412C3BE162007AF0C8 /* ContentView.swift */ = {isa = PBXFileReference; lastKnownFileType = sourcecode.swift; path = ContentView.swift; sourceTree = "<group>"; };
		ACD18B432C3BE164007AF0C8 /* Assets.xcassets */ = {isa = PBXFileReference; lastKnownFileType = folder.assetcatalog; path = Assets.xcassets; sourceTree = "<group>"; };
		ACD18B462C3BE164007AF0C8 /* Preview Assets.xcassets */ = {isa = PBXFileReference; lastKnownFileType = folder.assetcatalog; path = "Preview Assets.xcassets"; sourceTree = "<group>"; };
		ACF7CF792C4629E2008B1030 /* AnimationProperties.swift */ = {isa = PBXFileReference; fileEncoding = 4; lastKnownFileType = sourcecode.swift; path = AnimationProperties.swift; sourceTree = "<group>"; };
		ACF7CF7A2C4629E2008B1030 /* CircleAnimator.swift */ = {isa = PBXFileReference; fileEncoding = 4; lastKnownFileType = sourcecode.swift; path = CircleAnimator.swift; sourceTree = "<group>"; };
		ACF7CF7B2C4629E2008B1030 /* GradientColors.swift */ = {isa = PBXFileReference; fileEncoding = 4; lastKnownFileType = sourcecode.swift; path = GradientColors.swift; sourceTree = "<group>"; };
		ACF7CF7C2C4629E2008B1030 /* MovingCircle.swift */ = {isa = PBXFileReference; fileEncoding = 4; lastKnownFileType = sourcecode.swift; path = MovingCircle.swift; sourceTree = "<group>"; };
		ACF7CF822C462B69008B1030 /* AmbianceBackgroundView.swift */ = {isa = PBXFileReference; fileEncoding = 4; lastKnownFileType = sourcecode.swift; path = AmbianceBackgroundView.swift; sourceTree = "<group>"; };
		B04C95B42C462A5E00A32F30 /* NotificationManager.swift */ = {isa = PBXFileReference; lastKnownFileType = sourcecode.swift; path = NotificationManager.swift; sourceTree = "<group>"; };
		B0D38E572C450B81005E5B2B /* CurrentWeatherViewModel.swift */ = {isa = PBXFileReference; lastKnownFileType = sourcecode.swift; path = CurrentWeatherViewModel.swift; sourceTree = "<group>"; };
/* End PBXFileReference section */

/* Begin PBXFrameworksBuildPhase section */
		AC360FBA2C463933002614D9 /* Frameworks */ = {
			isa = PBXFrameworksBuildPhase;
			buildActionMask = 2147483647;
			files = (
				AC360FC22C463933002614D9 /* SwiftUI.framework in Frameworks */,
				AC360FC02C463933002614D9 /* WidgetKit.framework in Frameworks */,
			);
			runOnlyForDeploymentPostprocessing = 0;
		};
		ACD18B392C3BE162007AF0C8 /* Frameworks */ = {
			isa = PBXFrameworksBuildPhase;
			buildActionMask = 2147483647;
			files = (
			);
			runOnlyForDeploymentPostprocessing = 0;
		};
/* End PBXFrameworksBuildPhase section */

/* Begin PBXGroup section */
		AC23CA4B2C43943C00A64862 /* Hourly Weather */ = {
			isa = PBXGroup;
			children = (
				AC23CA4C2C43944900A64862 /* HourlyWeatherModel.swift */,
			);
			path = "Hourly Weather";
			sourceTree = "<group>";
		};
		AC23CA4E2C4394A900A64862 /* Daily Weather */ = {
			isa = PBXGroup;
			children = (
				AC3A8C132C425C8200F50D03 /* DailyWeatherViewModel.swift */,
			);
			path = "Daily Weather";
			sourceTree = "<group>";
		};
		AC23CA4F2C4394B600A64862 /* Hourly Weather */ = {
			isa = PBXGroup;
			children = (
				ACB85C312C44651D00BBD445 /* HourlyWeatherViewModel.swift */,
			);
			path = "Hourly Weather";
			sourceTree = "<group>";
		};
		AC23CA542C43B4E500A64862 /* Root */ = {
			isa = PBXGroup;
			children = (
				ACBBEAC92C40F23200761678 /* DailyWeatherView.swift */,
			);
			path = Root;
			sourceTree = "<group>";
		};
		AC23CA552C43B4F400A64862 /* Custom Components */ = {
			isa = PBXGroup;
			children = (
				AC23CA562C43B50B00A64862 /* DayIconView.swift */,
			);
			path = "Custom Components";
			sourceTree = "<group>";
		};
		AC360FBE2C463933002614D9 /* Frameworks */ = {
			isa = PBXGroup;
			children = (
				AC360FBF2C463933002614D9 /* WidgetKit.framework */,
				AC360FC12C463933002614D9 /* SwiftUI.framework */,
			);
			name = Frameworks;
			sourceTree = "<group>";
		};
		AC360FC32C463933002614D9 /* Nano3WidgetExtension */ = {
			isa = PBXGroup;
			children = (
				AC360FC42C463933002614D9 /* Nano3WidgetExtensionBundle.swift */,
				AC360FC62C463933002614D9 /* Nano3WidgetExtension.swift */,
				AC360FC82C463936002614D9 /* Assets.xcassets */,
				AC360FCA2C463936002614D9 /* Info.plist */,
			);
			path = Nano3WidgetExtension;
			sourceTree = "<group>";
		};
		AC3A8BE32C42391C00F50D03 /* Utility */ = {
			isa = PBXGroup;
			children = (
				AC3A8BE42C423A7500F50D03 /* WeatherServiceManager.swift */,
				AC3A8BE62C423A8000F50D03 /* LocationServiceManager.swift */,
				AC3A8C172C4278F200F50D03 /* DateExtension.swift */,
				B04C95B42C462A5E00A32F30 /* NotificationManager.swift */,
			);
			path = Utility;
			sourceTree = "<group>";
		};
		AC3A8BE82C423F3F00F50D03 /* ViewModel */ = {
			isa = PBXGroup;
			children = (
				B0D38E562C450B71005E5B2B /* Current Weather */,
				AC23CA4F2C4394B600A64862 /* Hourly Weather */,
				AC23CA4E2C4394A900A64862 /* Daily Weather */,
				AC3A8BE92C423F4800F50D03 /* LocationViewModel.swift */,
			);
			path = ViewModel;
			sourceTree = "<group>";
		};
		AC3A8BEB2C423F9700F50D03 /* Protocols */ = {
			isa = PBXGroup;
			children = (
				AC3A8BEC2C423FAF00F50D03 /* LocationManagerDelegate.swift */,
				AC23CA502C4395D000A64862 /* CurrentWeatherDelegate.swift */,
				AC23CA522C43963300A64862 /* DailyWeatherDelegate.swift */,
				ACB85C2F2C44143C00BBD445 /* HourlyWeatherDelegate.swift */,
			);
			path = Protocols;
			sourceTree = "<group>";
		};
		AC9208852C449E840049B90A /* Custom Components */ = {
			isa = PBXGroup;
			children = (
				AC9208872C449EA10049B90A /* HourlyWeatherRowView.swift */,
			);
			path = "Custom Components";
			sourceTree = "<group>";
		};
		AC9208862C449E8C0049B90A /* Root */ = {
			isa = PBXGroup;
			children = (
				ACBBEAD52C41064500761678 /* HourlyWeatherView.swift */,
			);
			path = Root;
			sourceTree = "<group>";
		};
		ACBBEAC62C40F1DD00761678 /* Model */ = {
			isa = PBXGroup;
			children = (
				AC23CA4B2C43943C00A64862 /* Hourly Weather */,
			);
			path = Model;
			sourceTree = "<group>";
		};
		ACBBEAC72C40F1E200761678 /* View */ = {
			isa = PBXGroup;
			children = (
				ACBBEAD42C41063000761678 /* Hourly Weather */,
				ACBBEAD12C40FD1D00761678 /* Current Weather */,
				ACBBEAD02C40F6B700761678 /* Daily Weather */,
				ACD18B412C3BE162007AF0C8 /* ContentView.swift */,
				ACF7CF822C462B69008B1030 /* AmbianceBackgroundView.swift */,
			);
			path = View;
			sourceTree = "<group>";
		};
		ACBBEAD02C40F6B700761678 /* Daily Weather */ = {
			isa = PBXGroup;
			children = (
				AC23CA552C43B4F400A64862 /* Custom Components */,
				AC23CA542C43B4E500A64862 /* Root */,
			);
			path = "Daily Weather";
			sourceTree = "<group>";
		};
		ACBBEAD12C40FD1D00761678 /* Current Weather */ = {
			isa = PBXGroup;
			children = (
				ACBBEAD22C40FD9300761678 /* CurrentWeatherView.swift */,
			);
			path = "Current Weather";
			sourceTree = "<group>";
		};
		ACBBEAD42C41063000761678 /* Hourly Weather */ = {
			isa = PBXGroup;
			children = (
				AC9208862C449E8C0049B90A /* Root */,
				AC9208852C449E840049B90A /* Custom Components */,
			);
			path = "Hourly Weather";
			sourceTree = "<group>";
		};
		ACD18B332C3BE162007AF0C8 = {
			isa = PBXGroup;
			children = (
				ACD18B3E2C3BE162007AF0C8 /* Nano3 */,
				AC360FC32C463933002614D9 /* Nano3WidgetExtension */,
				AC360FBE2C463933002614D9 /* Frameworks */,
				ACD18B3D2C3BE162007AF0C8 /* Products */,
			);
			sourceTree = "<group>";
		};
		ACD18B3D2C3BE162007AF0C8 /* Products */ = {
			isa = PBXGroup;
			children = (
				ACD18B3C2C3BE162007AF0C8 /* Nano3.app */,
				AC360FBD2C463933002614D9 /* Nano3WidgetExtensionExtension.appex */,
			);
			name = Products;
			sourceTree = "<group>";
		};
		ACD18B3E2C3BE162007AF0C8 /* Nano3 */ = {
			isa = PBXGroup;
			children = (
				ACF7CF7D2C4629E2008B1030 /* Ambiance */,
				AC3A8BEB2C423F9700F50D03 /* Protocols */,
				AC3A8BE32C42391C00F50D03 /* Utility */,
				AC3A8BE82C423F3F00F50D03 /* ViewModel */,
				AC3A8BE12C42366000F50D03 /* Nano3.entitlements */,
				ACBBEAC62C40F1DD00761678 /* Model */,
				ACBBEAC72C40F1E200761678 /* View */,
				ACD18B3F2C3BE162007AF0C8 /* Nano3App.swift */,
				ACD18B432C3BE164007AF0C8 /* Assets.xcassets */,
				ACD18B452C3BE164007AF0C8 /* Preview Content */,
			);
			path = Nano3;
			sourceTree = "<group>";
		};
		ACD18B452C3BE164007AF0C8 /* Preview Content */ = {
			isa = PBXGroup;
			children = (
				ACD18B462C3BE164007AF0C8 /* Preview Assets.xcassets */,
			);
			path = "Preview Content";
			sourceTree = "<group>";
		};
		ACF7CF7D2C4629E2008B1030 /* Ambiance */ = {
			isa = PBXGroup;
			children = (
				ACF7CF792C4629E2008B1030 /* AnimationProperties.swift */,
				ACF7CF7A2C4629E2008B1030 /* CircleAnimator.swift */,
				ACF7CF7B2C4629E2008B1030 /* GradientColors.swift */,
				ACF7CF7C2C4629E2008B1030 /* MovingCircle.swift */,
			);
			path = Ambiance;
			sourceTree = "<group>";
		};
		B0D38E562C450B71005E5B2B /* Current Weather */ = {
			isa = PBXGroup;
			children = (
				B0D38E572C450B81005E5B2B /* CurrentWeatherViewModel.swift */,
			);
			path = "Current Weather";
			sourceTree = "<group>";
		};
/* End PBXGroup section */

/* Begin PBXNativeTarget section */
		AC360FBC2C463933002614D9 /* Nano3WidgetExtensionExtension */ = {
			isa = PBXNativeTarget;
			buildConfigurationList = AC360FD12C463936002614D9 /* Build configuration list for PBXNativeTarget "Nano3WidgetExtensionExtension" */;
			buildPhases = (
				AC360FB92C463933002614D9 /* Sources */,
				AC360FBA2C463933002614D9 /* Frameworks */,
				AC360FBB2C463933002614D9 /* Resources */,
			);
			buildRules = (
			);
			dependencies = (
			);
			name = Nano3WidgetExtensionExtension;
			productName = Nano3WidgetExtensionExtension;
			productReference = AC360FBD2C463933002614D9 /* Nano3WidgetExtensionExtension.appex */;
			productType = "com.apple.product-type.app-extension";
		};
		ACD18B3B2C3BE162007AF0C8 /* Nano3 */ = {
			isa = PBXNativeTarget;
			buildConfigurationList = ACD18B4A2C3BE164007AF0C8 /* Build configuration list for PBXNativeTarget "Nano3" */;
			buildPhases = (
				ACD18B382C3BE162007AF0C8 /* Sources */,
				ACD18B392C3BE162007AF0C8 /* Frameworks */,
				ACD18B3A2C3BE162007AF0C8 /* Resources */,
				AC360FCE2C463936002614D9 /* Embed Foundation Extensions */,
			);
			buildRules = (
			);
			dependencies = (
				AC360FCC2C463936002614D9 /* PBXTargetDependency */,
			);
			name = Nano3;
			productName = Nano3;
			productReference = ACD18B3C2C3BE162007AF0C8 /* Nano3.app */;
			productType = "com.apple.product-type.application";
		};
/* End PBXNativeTarget section */

/* Begin PBXProject section */
		ACD18B342C3BE162007AF0C8 /* Project object */ = {
			isa = PBXProject;
			attributes = {
				BuildIndependentTargetsInParallel = 1;
				LastSwiftUpdateCheck = 1540;
				LastUpgradeCheck = 1540;
				TargetAttributes = {
					AC360FBC2C463933002614D9 = {
						CreatedOnToolsVersion = 15.4;
					};
					ACD18B3B2C3BE162007AF0C8 = {
						CreatedOnToolsVersion = 15.4;
					};
				};
			};
			buildConfigurationList = ACD18B372C3BE162007AF0C8 /* Build configuration list for PBXProject "Nano3" */;
			compatibilityVersion = "Xcode 14.0";
			developmentRegion = en;
			hasScannedForEncodings = 0;
			knownRegions = (
				en,
				Base,
			);
			mainGroup = ACD18B332C3BE162007AF0C8;
			productRefGroup = ACD18B3D2C3BE162007AF0C8 /* Products */;
			projectDirPath = "";
			projectRoot = "";
			targets = (
				ACD18B3B2C3BE162007AF0C8 /* Nano3 */,
				AC360FBC2C463933002614D9 /* Nano3WidgetExtensionExtension */,
			);
		};
/* End PBXProject section */

/* Begin PBXResourcesBuildPhase section */
		AC360FBB2C463933002614D9 /* Resources */ = {
			isa = PBXResourcesBuildPhase;
			buildActionMask = 2147483647;
			files = (
				AC360FC92C463936002614D9 /* Assets.xcassets in Resources */,
			);
			runOnlyForDeploymentPostprocessing = 0;
		};
		ACD18B3A2C3BE162007AF0C8 /* Resources */ = {
			isa = PBXResourcesBuildPhase;
			buildActionMask = 2147483647;
			files = (
				ACD18B472C3BE164007AF0C8 /* Preview Assets.xcassets in Resources */,
				ACD18B442C3BE164007AF0C8 /* Assets.xcassets in Resources */,
			);
			runOnlyForDeploymentPostprocessing = 0;
		};
/* End PBXResourcesBuildPhase section */

/* Begin PBXSourcesBuildPhase section */
		AC360FB92C463933002614D9 /* Sources */ = {
			isa = PBXSourcesBuildPhase;
			buildActionMask = 2147483647;
			files = (
				AC360FC52C463933002614D9 /* Nano3WidgetExtensionBundle.swift in Sources */,
				AC360FC72C463933002614D9 /* Nano3WidgetExtension.swift in Sources */,
			);
			runOnlyForDeploymentPostprocessing = 0;
		};
		ACD18B382C3BE162007AF0C8 /* Sources */ = {
			isa = PBXSourcesBuildPhase;
			buildActionMask = 2147483647;
			files = (
				ACBBEACA2C40F23200761678 /* DailyWeatherView.swift in Sources */,
				AC23CA532C43963300A64862 /* DailyWeatherDelegate.swift in Sources */,
				B04C95B52C462A5E00A32F30 /* NotificationManager.swift in Sources */,
				ACBBEAD32C40FD9300761678 /* CurrentWeatherView.swift in Sources */,
				AC3A8BED2C423FAF00F50D03 /* LocationManagerDelegate.swift in Sources */,
				ACB85C302C44143C00BBD445 /* HourlyWeatherDelegate.swift in Sources */,
				ACF7CF7E2C4629E2008B1030 /* AnimationProperties.swift in Sources */,
				ACBBEAD62C41064500761678 /* HourlyWeatherView.swift in Sources */,
				ACF7CF802C4629E2008B1030 /* GradientColors.swift in Sources */,
				AC23CA572C43B50B00A64862 /* DayIconView.swift in Sources */,
				AC3A8BE72C423A8000F50D03 /* LocationServiceManager.swift in Sources */,
				ACF7CF832C462B6A008B1030 /* AmbianceBackgroundView.swift in Sources */,
				ACF7CF812C4629E2008B1030 /* MovingCircle.swift in Sources */,
				ACD18B422C3BE162007AF0C8 /* ContentView.swift in Sources */,
				AC3A8C182C4278F200F50D03 /* DateExtension.swift in Sources */,
				AC23CA512C4395D000A64862 /* CurrentWeatherDelegate.swift in Sources */,
				AC9208882C449EA10049B90A /* HourlyWeatherRowView.swift in Sources */,
				ACF7CF7F2C4629E2008B1030 /* CircleAnimator.swift in Sources */,
				ACB85C322C44651D00BBD445 /* HourlyWeatherViewModel.swift in Sources */,
				AC23CA4D2C43944900A64862 /* HourlyWeatherModel.swift in Sources */,
				AC3A8BE52C423A7500F50D03 /* WeatherServiceManager.swift in Sources */,
				B0D38E582C450B81005E5B2B /* CurrentWeatherViewModel.swift in Sources */,
				ACD18B402C3BE162007AF0C8 /* Nano3App.swift in Sources */,
				AC3A8BEA2C423F4900F50D03 /* LocationViewModel.swift in Sources */,
				AC3A8C142C425C8200F50D03 /* DailyWeatherViewModel.swift in Sources */,
			);
			runOnlyForDeploymentPostprocessing = 0;
		};
/* End PBXSourcesBuildPhase section */

/* Begin PBXTargetDependency section */
		AC360FCC2C463936002614D9 /* PBXTargetDependency */ = {
			isa = PBXTargetDependency;
			target = AC360FBC2C463933002614D9 /* Nano3WidgetExtensionExtension */;
			targetProxy = AC360FCB2C463936002614D9 /* PBXContainerItemProxy */;
		};
/* End PBXTargetDependency section */

/* Begin XCBuildConfiguration section */
		AC360FCF2C463936002614D9 /* Debug */ = {
			isa = XCBuildConfiguration;
			buildSettings = {
				ASSETCATALOG_COMPILER_GLOBAL_ACCENT_COLOR_NAME = AccentColor;
				ASSETCATALOG_COMPILER_WIDGET_BACKGROUND_COLOR_NAME = WidgetBackground;
				CODE_SIGN_STYLE = Automatic;
				CURRENT_PROJECT_VERSION = 1;
				DEVELOPMENT_TEAM = RQC43WJC4G;
				GENERATE_INFOPLIST_FILE = YES;
				INFOPLIST_FILE = Nano3WidgetExtension/Info.plist;
				INFOPLIST_KEY_CFBundleDisplayName = Nano3WidgetExtension;
				INFOPLIST_KEY_NSHumanReadableCopyright = "";
				LD_RUNPATH_SEARCH_PATHS = (
					"$(inherited)",
					"@executable_path/Frameworks",
					"@executable_path/../../Frameworks",
				);
				MARKETING_VERSION = 1.0;
				PRODUCT_BUNDLE_IDENTIFIER = andrew.Nano3.Nano3WidgetExtension;
				PRODUCT_NAME = "$(TARGET_NAME)";
				SKIP_INSTALL = YES;
				SWIFT_EMIT_LOC_STRINGS = YES;
				SWIFT_VERSION = 5.0;
				TARGETED_DEVICE_FAMILY = "1,2";
			};
			name = Debug;
		};
		AC360FD02C463936002614D9 /* Release */ = {
			isa = XCBuildConfiguration;
			buildSettings = {
				ASSETCATALOG_COMPILER_GLOBAL_ACCENT_COLOR_NAME = AccentColor;
				ASSETCATALOG_COMPILER_WIDGET_BACKGROUND_COLOR_NAME = WidgetBackground;
				CODE_SIGN_STYLE = Automatic;
				CURRENT_PROJECT_VERSION = 1;
				DEVELOPMENT_TEAM = RQC43WJC4G;
				GENERATE_INFOPLIST_FILE = YES;
				INFOPLIST_FILE = Nano3WidgetExtension/Info.plist;
				INFOPLIST_KEY_CFBundleDisplayName = Nano3WidgetExtension;
				INFOPLIST_KEY_NSHumanReadableCopyright = "";
				LD_RUNPATH_SEARCH_PATHS = (
					"$(inherited)",
					"@executable_path/Frameworks",
					"@executable_path/../../Frameworks",
				);
				MARKETING_VERSION = 1.0;
				PRODUCT_BUNDLE_IDENTIFIER = andrew.Nano3.Nano3WidgetExtension;
				PRODUCT_NAME = "$(TARGET_NAME)";
				SKIP_INSTALL = YES;
				SWIFT_EMIT_LOC_STRINGS = YES;
				SWIFT_VERSION = 5.0;
				TARGETED_DEVICE_FAMILY = "1,2";
			};
			name = Release;
		};
		ACD18B482C3BE164007AF0C8 /* Debug */ = {
			isa = XCBuildConfiguration;
			buildSettings = {
				ALWAYS_SEARCH_USER_PATHS = NO;
				ASSETCATALOG_COMPILER_GENERATE_SWIFT_ASSET_SYMBOL_EXTENSIONS = YES;
				CLANG_ANALYZER_NONNULL = YES;
				CLANG_ANALYZER_NUMBER_OBJECT_CONVERSION = YES_AGGRESSIVE;
				CLANG_CXX_LANGUAGE_STANDARD = "gnu++20";
				CLANG_ENABLE_MODULES = YES;
				CLANG_ENABLE_OBJC_ARC = YES;
				CLANG_ENABLE_OBJC_WEAK = YES;
				CLANG_WARN_BLOCK_CAPTURE_AUTORELEASING = YES;
				CLANG_WARN_BOOL_CONVERSION = YES;
				CLANG_WARN_COMMA = YES;
				CLANG_WARN_CONSTANT_CONVERSION = YES;
				CLANG_WARN_DEPRECATED_OBJC_IMPLEMENTATIONS = YES;
				CLANG_WARN_DIRECT_OBJC_ISA_USAGE = YES_ERROR;
				CLANG_WARN_DOCUMENTATION_COMMENTS = YES;
				CLANG_WARN_EMPTY_BODY = YES;
				CLANG_WARN_ENUM_CONVERSION = YES;
				CLANG_WARN_INFINITE_RECURSION = YES;
				CLANG_WARN_INT_CONVERSION = YES;
				CLANG_WARN_NON_LITERAL_NULL_CONVERSION = YES;
				CLANG_WARN_OBJC_IMPLICIT_RETAIN_SELF = YES;
				CLANG_WARN_OBJC_LITERAL_CONVERSION = YES;
				CLANG_WARN_OBJC_ROOT_CLASS = YES_ERROR;
				CLANG_WARN_QUOTED_INCLUDE_IN_FRAMEWORK_HEADER = YES;
				CLANG_WARN_RANGE_LOOP_ANALYSIS = YES;
				CLANG_WARN_STRICT_PROTOTYPES = YES;
				CLANG_WARN_SUSPICIOUS_MOVE = YES;
				CLANG_WARN_UNGUARDED_AVAILABILITY = YES_AGGRESSIVE;
				CLANG_WARN_UNREACHABLE_CODE = YES;
				CLANG_WARN__DUPLICATE_METHOD_MATCH = YES;
				COPY_PHASE_STRIP = NO;
				DEBUG_INFORMATION_FORMAT = dwarf;
				ENABLE_STRICT_OBJC_MSGSEND = YES;
				ENABLE_TESTABILITY = YES;
				ENABLE_USER_SCRIPT_SANDBOXING = YES;
				GCC_C_LANGUAGE_STANDARD = gnu17;
				GCC_DYNAMIC_NO_PIC = NO;
				GCC_NO_COMMON_BLOCKS = YES;
				GCC_OPTIMIZATION_LEVEL = 0;
				GCC_PREPROCESSOR_DEFINITIONS = (
					"DEBUG=1",
					"$(inherited)",
				);
				GCC_WARN_64_TO_32_BIT_CONVERSION = YES;
				GCC_WARN_ABOUT_RETURN_TYPE = YES_ERROR;
				GCC_WARN_UNDECLARED_SELECTOR = YES;
				GCC_WARN_UNINITIALIZED_AUTOS = YES_AGGRESSIVE;
				GCC_WARN_UNUSED_FUNCTION = YES;
				GCC_WARN_UNUSED_VARIABLE = YES;
				IPHONEOS_DEPLOYMENT_TARGET = 17.5;
				LOCALIZATION_PREFERS_STRING_CATALOGS = YES;
				MTL_ENABLE_DEBUG_INFO = INCLUDE_SOURCE;
				MTL_FAST_MATH = YES;
				ONLY_ACTIVE_ARCH = YES;
				SDKROOT = iphoneos;
				SWIFT_ACTIVE_COMPILATION_CONDITIONS = "DEBUG $(inherited)";
				SWIFT_OPTIMIZATION_LEVEL = "-Onone";
			};
			name = Debug;
		};
		ACD18B492C3BE164007AF0C8 /* Release */ = {
			isa = XCBuildConfiguration;
			buildSettings = {
				ALWAYS_SEARCH_USER_PATHS = NO;
				ASSETCATALOG_COMPILER_GENERATE_SWIFT_ASSET_SYMBOL_EXTENSIONS = YES;
				CLANG_ANALYZER_NONNULL = YES;
				CLANG_ANALYZER_NUMBER_OBJECT_CONVERSION = YES_AGGRESSIVE;
				CLANG_CXX_LANGUAGE_STANDARD = "gnu++20";
				CLANG_ENABLE_MODULES = YES;
				CLANG_ENABLE_OBJC_ARC = YES;
				CLANG_ENABLE_OBJC_WEAK = YES;
				CLANG_WARN_BLOCK_CAPTURE_AUTORELEASING = YES;
				CLANG_WARN_BOOL_CONVERSION = YES;
				CLANG_WARN_COMMA = YES;
				CLANG_WARN_CONSTANT_CONVERSION = YES;
				CLANG_WARN_DEPRECATED_OBJC_IMPLEMENTATIONS = YES;
				CLANG_WARN_DIRECT_OBJC_ISA_USAGE = YES_ERROR;
				CLANG_WARN_DOCUMENTATION_COMMENTS = YES;
				CLANG_WARN_EMPTY_BODY = YES;
				CLANG_WARN_ENUM_CONVERSION = YES;
				CLANG_WARN_INFINITE_RECURSION = YES;
				CLANG_WARN_INT_CONVERSION = YES;
				CLANG_WARN_NON_LITERAL_NULL_CONVERSION = YES;
				CLANG_WARN_OBJC_IMPLICIT_RETAIN_SELF = YES;
				CLANG_WARN_OBJC_LITERAL_CONVERSION = YES;
				CLANG_WARN_OBJC_ROOT_CLASS = YES_ERROR;
				CLANG_WARN_QUOTED_INCLUDE_IN_FRAMEWORK_HEADER = YES;
				CLANG_WARN_RANGE_LOOP_ANALYSIS = YES;
				CLANG_WARN_STRICT_PROTOTYPES = YES;
				CLANG_WARN_SUSPICIOUS_MOVE = YES;
				CLANG_WARN_UNGUARDED_AVAILABILITY = YES_AGGRESSIVE;
				CLANG_WARN_UNREACHABLE_CODE = YES;
				CLANG_WARN__DUPLICATE_METHOD_MATCH = YES;
				COPY_PHASE_STRIP = NO;
				DEBUG_INFORMATION_FORMAT = "dwarf-with-dsym";
				ENABLE_NS_ASSERTIONS = NO;
				ENABLE_STRICT_OBJC_MSGSEND = YES;
				ENABLE_USER_SCRIPT_SANDBOXING = YES;
				GCC_C_LANGUAGE_STANDARD = gnu17;
				GCC_NO_COMMON_BLOCKS = YES;
				GCC_WARN_64_TO_32_BIT_CONVERSION = YES;
				GCC_WARN_ABOUT_RETURN_TYPE = YES_ERROR;
				GCC_WARN_UNDECLARED_SELECTOR = YES;
				GCC_WARN_UNINITIALIZED_AUTOS = YES_AGGRESSIVE;
				GCC_WARN_UNUSED_FUNCTION = YES;
				GCC_WARN_UNUSED_VARIABLE = YES;
				IPHONEOS_DEPLOYMENT_TARGET = 17.5;
				LOCALIZATION_PREFERS_STRING_CATALOGS = YES;
				MTL_ENABLE_DEBUG_INFO = NO;
				MTL_FAST_MATH = YES;
				SDKROOT = iphoneos;
				SWIFT_COMPILATION_MODE = wholemodule;
				VALIDATE_PRODUCT = YES;
			};
			name = Release;
		};
		ACD18B4B2C3BE164007AF0C8 /* Debug */ = {
			isa = XCBuildConfiguration;
			buildSettings = {
				ALWAYS_EMBED_SWIFT_STANDARD_LIBRARIES = YES;
				ASSETCATALOG_COMPILER_APPICON_NAME = AppIcon;
				ASSETCATALOG_COMPILER_GLOBAL_ACCENT_COLOR_NAME = AccentColor;
				CODE_SIGN_ENTITLEMENTS = Nano3/Nano3.entitlements;
				CODE_SIGN_STYLE = Automatic;
				CURRENT_PROJECT_VERSION = 1;
				DEVELOPMENT_ASSET_PATHS = "\"Nano3/Preview Content\"";
				DEVELOPMENT_TEAM = 29TM272Q7X;
				ENABLE_PREVIEWS = YES;
				GENERATE_INFOPLIST_FILE = YES;
				INFOPLIST_KEY_NSLocationAlwaysAndWhenInUseUsageDescription = "";
				INFOPLIST_KEY_NSLocationWhenInUseUsageDescription = "For app purpose";
				INFOPLIST_KEY_UIApplicationSceneManifest_Generation = YES;
				INFOPLIST_KEY_UIApplicationSupportsIndirectInputEvents = YES;
				INFOPLIST_KEY_UILaunchScreen_Generation = YES;
				INFOPLIST_KEY_UISupportedInterfaceOrientations_iPad = "UIInterfaceOrientationPortrait UIInterfaceOrientationPortraitUpsideDown UIInterfaceOrientationLandscapeLeft UIInterfaceOrientationLandscapeRight";
				INFOPLIST_KEY_UISupportedInterfaceOrientations_iPhone = "UIInterfaceOrientationPortrait UIInterfaceOrientationLandscapeLeft UIInterfaceOrientationLandscapeRight";
				IPHONEOS_DEPLOYMENT_TARGET = 17.2;
				LD_RUNPATH_SEARCH_PATHS = (
					"$(inherited)",
					"@executable_path/Frameworks",
				);
				MARKETING_VERSION = 1.0;
				PRODUCT_BUNDLE_IDENTIFIER = Ryan.Nano3;
				PRODUCT_NAME = "$(TARGET_NAME)";
				SWIFT_EMIT_LOC_STRINGS = YES;
				SWIFT_VERSION = 5.0;
				TARGETED_DEVICE_FAMILY = "1,2";
			};
			name = Debug;
		};
		ACD18B4C2C3BE164007AF0C8 /* Release */ = {
			isa = XCBuildConfiguration;
			buildSettings = {
				ALWAYS_EMBED_SWIFT_STANDARD_LIBRARIES = YES;
				ASSETCATALOG_COMPILER_APPICON_NAME = AppIcon;
				ASSETCATALOG_COMPILER_GLOBAL_ACCENT_COLOR_NAME = AccentColor;
				CODE_SIGN_ENTITLEMENTS = Nano3/Nano3.entitlements;
				CODE_SIGN_STYLE = Automatic;
				CURRENT_PROJECT_VERSION = 1;
				DEVELOPMENT_ASSET_PATHS = "\"Nano3/Preview Content\"";
				DEVELOPMENT_TEAM = 29TM272Q7X;
				ENABLE_PREVIEWS = YES;
				GENERATE_INFOPLIST_FILE = YES;
				INFOPLIST_KEY_NSLocationAlwaysAndWhenInUseUsageDescription = "";
				INFOPLIST_KEY_NSLocationWhenInUseUsageDescription = "For app purpose";
				INFOPLIST_KEY_UIApplicationSceneManifest_Generation = YES;
				INFOPLIST_KEY_UIApplicationSupportsIndirectInputEvents = YES;
				INFOPLIST_KEY_UILaunchScreen_Generation = YES;
				INFOPLIST_KEY_UISupportedInterfaceOrientations_iPad = "UIInterfaceOrientationPortrait UIInterfaceOrientationPortraitUpsideDown UIInterfaceOrientationLandscapeLeft UIInterfaceOrientationLandscapeRight";
				INFOPLIST_KEY_UISupportedInterfaceOrientations_iPhone = "UIInterfaceOrientationPortrait UIInterfaceOrientationLandscapeLeft UIInterfaceOrientationLandscapeRight";
				IPHONEOS_DEPLOYMENT_TARGET = 17.2;
				LD_RUNPATH_SEARCH_PATHS = (
					"$(inherited)",
					"@executable_path/Frameworks",
				);
				MARKETING_VERSION = 1.0;
				PRODUCT_BUNDLE_IDENTIFIER = Ryan.Nano3;
				PRODUCT_NAME = "$(TARGET_NAME)";
				SWIFT_EMIT_LOC_STRINGS = YES;
				SWIFT_VERSION = 5.0;
				TARGETED_DEVICE_FAMILY = "1,2";
			};
			name = Release;
		};
/* End XCBuildConfiguration section */

/* Begin XCConfigurationList section */
		AC360FD12C463936002614D9 /* Build configuration list for PBXNativeTarget "Nano3WidgetExtensionExtension" */ = {
			isa = XCConfigurationList;
			buildConfigurations = (
				AC360FCF2C463936002614D9 /* Debug */,
				AC360FD02C463936002614D9 /* Release */,
			);
			defaultConfigurationIsVisible = 0;
			defaultConfigurationName = Release;
		};
		ACD18B372C3BE162007AF0C8 /* Build configuration list for PBXProject "Nano3" */ = {
			isa = XCConfigurationList;
			buildConfigurations = (
				ACD18B482C3BE164007AF0C8 /* Debug */,
				ACD18B492C3BE164007AF0C8 /* Release */,
			);
			defaultConfigurationIsVisible = 0;
			defaultConfigurationName = Release;
		};
		ACD18B4A2C3BE164007AF0C8 /* Build configuration list for PBXNativeTarget "Nano3" */ = {
			isa = XCConfigurationList;
			buildConfigurations = (
				ACD18B4B2C3BE164007AF0C8 /* Debug */,
				ACD18B4C2C3BE164007AF0C8 /* Release */,
			);
			defaultConfigurationIsVisible = 0;
			defaultConfigurationName = Release;
		};
/* End XCConfigurationList section */
	};
	rootObject = ACD18B342C3BE162007AF0C8 /* Project object */;
}
